{
  "version": 4,
  "terraform_version": "1.8.5",
  "serial": 33,
  "lineage": "10a962d2-9724-e8a9-d620-2cf8a1188417",
  "outputs": {
    "terraform-first-resource-url": {
      "value": "https://github.com/ashokniraanjan/terraform-code",
      "type": "string"
    }
  },
  "resources": [
    {
      "mode": "managed",
      "type": "github_repository",
      "name": "terraform-code",
      "provider": "provider[\"registry.terraform.io/hashicorp/github\"]",
      "instances": [
        {
          "schema_version": 1,
          "attributes": {
            "allow_auto_merge": false,
            "allow_merge_commit": true,
            "allow_rebase_merge": true,
            "allow_squash_merge": true,
            "allow_update_branch": false,
            "archive_on_destroy": null,
            "archived": false,
            "auto_init": true,
            "default_branch": "main",
            "delete_branch_on_merge": false,
            "description": "Terraform code",
            "etag": "W/\"2fb3419a0b4573b3137bd9b6bd59d859b319b7f360aa5e120d42daaa3ca421bc\"",
            "full_name": "ashokniraanjan/terraform-code",
            "git_clone_url": "git://github.com/ashokniraanjan/terraform-code.git",
            "gitignore_template": null,
            "has_discussions": false,
            "has_downloads": false,
            "has_issues": false,
            "has_projects": false,
            "has_wiki": false,
            "homepage_url": "",
            "html_url": "https://github.com/ashokniraanjan/terraform-code",
            "http_clone_url": "https://github.com/ashokniraanjan/terraform-code.git",
            "id": "terraform-code",
            "ignore_vulnerability_alerts_during_read": null,
            "is_template": false,
            "license_template": null,
            "merge_commit_message": "PR_TITLE",
            "merge_commit_title": "MERGE_MESSAGE",
            "name": "terraform-code",
            "node_id": "R_kgDOMT0v-A",
            "pages": [],
            "primary_language": "",
            "private": false,
            "repo_id": 826093560,
            "security_and_analysis": [
              {
                "advanced_security": [],
                "secret_scanning": [
                  {
                    "status": "enabled"
                  }
                ],
                "secret_scanning_push_protection": [
                  {
                    "status": "enabled"
                  }
                ]
              }
            ],
            "squash_merge_commit_message": "COMMIT_MESSAGES",
            "squash_merge_commit_title": "COMMIT_OR_PR_TITLE",
            "ssh_clone_url": "git@github.com:ashokniraanjan/terraform-code.git",
            "svn_url": "https://github.com/ashokniraanjan/terraform-code",
            "template": [],
            "topics": [],
            "visibility": "public",
            "vulnerability_alerts": false,
            "web_commit_signoff_required": false
          },
          "sensitive_attributes": [],
          "private": "eyJzY2hlbWFfdmVyc2lvbiI6IjEifQ=="
        }
      ]
    }
  ],
  "check_results": null
}
